
Microsoft Visual Studio Solution File, Format Version 12.00
# Visual Studio Version 17
VisualStudioVersion = 17.8.34322.80
MinimumVisualStudioVersion = 10.0.40219.1
Project("{FAE04EC0-301F-11D3-BF4B-00C04F79EFBC}") = "API", "API\API.csproj", "{0A71EBC2-3EFD-4E59-912B-EB6589A41F57}"
EndProject
Global
	GlobalSection(SolutionConfigurationPlatforms) = preSolution
		Debug|Any CPU = Debug|Any CPU
		Release|Any CPU = Release|Any CPU
	EndGlobalSection
	GlobalSection(ProjectConfigurationPlatforms) = postSolution
		{0A71EBC2-3EFD-4E59-912B-EB6589A41F57}.Debug|Any CPU.ActiveCfg = Debug|Any CPU
		{0A71EBC2-3EFD-4E59-912B-EB6589A41F57}.Debug|Any CPU.Build.0 = Debug|Any CPU
		{0A71EBC2-3EFD-4E59-912B-EB6589A41F57}.Release|Any CPU.ActiveCfg = Release|Any CPU
		{0A71EBC2-3EFD-4E59-912B-EB6589A41F57}.Release|Any CPU.Build.0 = Release|Any CPU
	EndGlobalSection
	GlobalSection(SolutionProperties) = preSolution
		HideSolutionNode = FALSE
	EndGlobalSection
	GlobalSection(ExtensibilityGlobals) = postSolution
		SolutionGuid = {240A7821-F6C3-4CF4-BD92-C0C37A80E757}
	EndGlobalSection
EndGlobal
